// !$*UTF8*$!
{
	archiveVersion = 1;
	classes = {
	};
	objectVersion = 77;
	objects = {

/* Begin PBXBuildFile section */
		E5BBAA942F6D9E5500D569A9 /* FirebaseAI in Frameworks */ = {isa = PBXBuildFile; productRef = E5BBAA932F6D9E5500D569A9 /* FirebaseAI */; };
		E5BBAA962F6D9E5500D569A9 /* FirebaseAILogic in Frameworks */ = {isa = PBXBuildFile; productRef = E5BBAA952F6D9E5500D569A9 /* FirebaseAILogic */; };
		E5BBAA982F6D9E5500D569A9 /* FirebaseAnalytics in Frameworks */ = {isa = PBXBuildFile; productRef = E5BBAA972F6D9E5500D569A9 /* FirebaseAnalytics */; };
		E5BBAA9A2F6D9E5500D569A9 /* FirebaseAnalyticsCore in Frameworks */ = {isa = PBXBuildFile; productRef = E5BBAA992F6D9E5500D569A9 /* FirebaseAnalyticsCore */; };
		E5BBAA9C2F6D9E5500D569A9 /* FirebaseAnalyticsIdentitySupport in Frameworks */ = {isa = PBXBuildFile; productRef = E5BBAA9B2F6D9E5500D569A9 /* FirebaseAnalyticsIdentitySupport */; };
		E5BBAA9E2F6D9E5500D569A9 /* FirebaseAppCheck in Frameworks */ = {isa = PBXBuildFile; productRef = E5BBAA9D2F6D9E5500D569A9 /* FirebaseAppCheck */; };
		E5BBAAA02F6D9E5500D569A9 /* FirebaseAppDistribution-Beta in Frameworks */ = {isa = PBXBuildFile; productRef = E5BBAA9F2F6D9E5500D569A9 /* FirebaseAppDistribution-Beta */; };
		E5BBAAA22F6D9E5500D569A9 /* FirebaseAuth in Frameworks */ = {isa = PBXBuildFile; productRef = E5BBAAA12F6D9E5500D569A9 /* FirebaseAuth */; };
		E5BBAAA42F6D9E5500D569A9 /* FirebaseAuthCombine-Community in Frameworks */ = {isa = PBXBuildFile; productRef = E5BBAAA32F6D9E5500D569A9 /* FirebaseAuthCombine-Community */; };
		E5BBAAA62F6D9E5500D569A9 /* FirebaseCore in Frameworks */ = {isa = PBXBuildFile; productRef = E5BBAAA52F6D9E5500D569A9 /* FirebaseCore */; };
		E5BBAAA82F6D9E5500D569A9 /* FirebaseCrashlytics in Frameworks */ = {isa = PBXBuildFile; productRef = E5BBAAA72F6D9E5500D569A9 /* FirebaseCrashlytics */; };
		E5BBAAAA2F6D9E5500D569A9 /* FirebaseDatabase in Frameworks */ = {isa = PBXBuildFile; productRef = E5BBAAA92F6D9E5500D569A9 /* FirebaseDatabase */; };
		E5BBAAAC2F6D9E5500D569A9 /* FirebaseFirestore in Frameworks */ = {isa = PBXBuildFile; productRef = E5BBAAAB2F6D9E5500D569A9 /* FirebaseFirestore */; };
		E5BBAAAE2F6D9E5500D569A9 /* FirebaseFirestoreCombine-Community in Frameworks */ = {isa = PBXBuildFile; productRef = E5BBAAAD2F6D9E5500D569A9 /* FirebaseFirestoreCombine-Community */; };
		E5BBAAB02F6D9E5500D569A9 /* FirebaseFunctions in Frameworks */ = {isa = PBXBuildFile; productRef = E5BBAAAF2F6D9E5500D569A9 /* FirebaseFunctions */; };
		E5BBAAB22F6D9E5500D569A9 /* FirebaseFunctionsCombine-Community in Frameworks */ = {isa = PBXBuildFile; productRef = E5BBAAB12F6D9E5500D569A9 /* FirebaseFunctionsCombine-Community */; };
		E5BBAAB42F6D9E5500D569A9 /* FirebaseInAppMessaging-Beta in Frameworks */ = {isa = PBXBuildFile; productRef = E5BBAAB32F6D9E5500D569A9 /* FirebaseInAppMessaging-Beta */; };
		E5BBAAB62F6D9E5500D569A9 /* FirebaseInstallations in Frameworks */ = {isa = PBXBuildFile; productRef = E5BBAAB52F6D9E5500D569A9 /* FirebaseInstallations */; };
		E5BBAAB82F6D9E5500D569A9 /* FirebaseMLModelDownloader in Frameworks */ = {isa = PBXBuildFile; productRef = E5BBAAB72F6D9E5500D569A9 /* FirebaseMLModelDownloader */; };
		E5BBAABA2F6D9E5500D569A9 /* FirebaseMessaging in Frameworks */ = {isa = PBXBuildFile; productRef = E5BBAAB92F6D9E5500D569A9 /* FirebaseMessaging */; };
		E5BBAABC2F6D9E5500D569A9 /* FirebasePerformance in Frameworks */ = {isa = PBXBuildFile; productRef = E5BBAABB2F6D9E5500D569A9 /* FirebasePerformance */; };
		E5BBAABE2F6D9E5500D569A9 /* FirebaseRemoteConfig in Frameworks */ = {isa = PBXBuildFile; productRef = E5BBAABD2F6D9E5500D569A9 /* FirebaseRemoteConfig */; };
		E5BBAAC02F6D9E5500D569A9 /* FirebaseStorage in Frameworks */ = {isa = PBXBuildFile; productRef = E5BBAABF2F6D9E5500D569A9 /* FirebaseStorage */; };
		E5BBAAC22F6D9E5500D569A9 /* FirebaseStorageCombine-Community in Frameworks */ = {isa = PBXBuildFile; productRef = E5BBAAC12F6D9E5500D569A9 /* FirebaseStorageCombine-Community */; };
/* End PBXBuildFile section */

/* Begin PBXFileReference section */
		E5E771702F64E71A000EE23D /* BaikaApp.app */ = {isa = PBXFileReference; explicitFileType = wrapper.application; includeInIndex = 0; path = BaikaApp.app; sourceTree = BUILT_PRODUCTS_DIR; };
/* End PBXFileReference section */

/* Begin PBXFileSystemSynchronizedBuildFileExceptionSet section */
		E5E771822F64E71B000EE23D /* Exceptions for "BaikaApp" folder in "BaikaApp" target */ = {
			isa = PBXFileSystemSynchronizedBuildFileExceptionSet;
			membershipExceptions = (
				Info.plist,
			);
			target = E5E7716F2F64E71A000EE23D /* BaikaApp */;
		};
/* End PBXFileSystemSynchronizedBuildFileExceptionSet section */

/* Begin PBXFileSystemSynchronizedRootGroup section */
		E5E771722F64E71A000EE23D /* BaikaApp */ = {
			isa = PBXFileSystemSynchronizedRootGroup;
			exceptions = (
				E5E771822F64E71B000EE23D /* Exceptions for "BaikaApp" folder in "BaikaApp" target */,
			);
			path = BaikaApp;
			sourceTree = "<group>";
		};
/* End PBXFileSystemSynchronizedRootGroup section */

/* Begin PBXFrameworksBuildPhase section */
		E5E7716D2F64E71A000EE23D /* Frameworks */ = {
			isa = PBXFrameworksBuildPhase;
			buildActionMask = 2147483647;
			files = (
				E5BBAAA02F6D9E5500D569A9 /* FirebaseAppDistribution-Beta in Frameworks */,
				E5BBAAAC2F6D9E5500D569A9 /* FirebaseFirestore in Frameworks */,
				E5BBAAA42F6D9E5500D569A9 /* FirebaseAuthCombine-Community in Frameworks */,
				E5BBAAB62F6D9E5500D569A9 /* FirebaseInstallations in Frameworks */,
				E5BBAA962F6D9E5500D569A9 /* FirebaseAILogic in Frameworks */,
				E5BBAA9C2F6D9E5500D569A9 /* FirebaseAnalyticsIdentitySupport in Frameworks */,
				E5BBAAB42F6D9E5500D569A9 /* FirebaseInAppMessaging-Beta in Frameworks */,
				E5BBAA942F6D9E5500D569A9 /* FirebaseAI in Frameworks */,
				E5BBAAA82F6D9E5500D569A9 /* FirebaseCrashlytics in Frameworks */,
				E5BBAAB22F6D9E5500D569A9 /* FirebaseFunctionsCombine-Community in Frameworks */,
				E5BBAAC22F6D9E5500D569A9 /* FirebaseStorageCombine-Community in Frameworks */,
				E5BBAAAA2F6D9E5500D569A9 /* FirebaseDatabase in Frameworks */,
				E5BBAAC02F6D9E5500D569A9 /* FirebaseStorage in Frameworks */,
				E5BBAABE2F6D9E5500D569A9 /* FirebaseRemoteConfig in Frameworks */,
				E5BBAA982F6D9E5500D569A9 /* FirebaseAnalytics in Frameworks */,
				E5BBAABA2F6D9E5500D569A9 /* FirebaseMessaging in Frameworks */,
				E5BBAAB82F6D9E5500D569A9 /* FirebaseMLModelDownloader in Frameworks */,
				E5BBAABC2F6D9E5500D569A9 /* FirebasePerformance in Frameworks */,
				E5BBAAA62F6D9E5500D569A9 /* FirebaseCore in Frameworks */,
				E5BBAA9E2F6D9E5500D569A9 /* FirebaseAppCheck in Frameworks */,
				E5BBAA9A2F6D9E5500D569A9 /* FirebaseAnalyticsCore in Frameworks */,
				E5BBAAB02F6D9E5500D569A9 /* FirebaseFunctions in Frameworks */,
				E5BBAAA22F6D9E5500D569A9 /* FirebaseAuth in Frameworks */,
				E5BBAAAE2F6D9E5500D569A9 /* FirebaseFirestoreCombine-Community in Frameworks */,
			);
			runOnlyForDeploymentPostprocessing = 0;
		};
/* End PBXFrameworksBuildPhase section */

/* Begin PBXGroup section */
		E5E771672F64E71A000EE23D = {
			isa = PBXGroup;
			children = (
				E5E771722F64E71A000EE23D /* BaikaApp */,
				E5E771712F64E71A000EE23D /* Products */,
			);
			sourceTree = "<group>";
		};
		E5E771712F64E71A000EE23D /* Products */ = {
			isa = PBXGroup;
			children = (
				E5E771702F64E71A000EE23D /* BaikaApp.app */,
			);
			name = Products;
			sourceTree = "<group>";
		};
/* End PBXGroup section */

/* Begin PBXNativeTarget section */
		E5E7716F2F64E71A000EE23D /* BaikaApp */ = {
			isa = PBXNativeTarget;
			buildConfigurationList = E5E771832F64E71B000EE23D /* Build configuration list for PBXNativeTarget "BaikaApp" */;
			buildPhases = (
				E5E7716C2F64E71A000EE23D /* Sources */,
				E5E7716D2F64E71A000EE23D /* Frameworks */,
				E5E7716E2F64E71A000EE23D /* Resources */,
			);
			buildRules = (
			);
			dependencies = (
			);
			fileSystemSynchronizedGroups = (
				E5E771722F64E71A000EE23D /* BaikaApp */,
			);
			name = BaikaApp;
			packageProductDependencies = (
				E5BBAA932F6D9E5500D569A9 /* FirebaseAI */,
				E5BBAA952F6D9E5500D569A9 /* FirebaseAILogic */,
				E5BBAA972F6D9E5500D569A9 /* FirebaseAnalytics */,
				E5BBAA992F6D9E5500D569A9 /* FirebaseAnalyticsCore */,
				E5BBAA9B2F6D9E5500D569A9 /* FirebaseAnalyticsIdentitySupport */,
				E5BBAA9D2F6D9E5500D569A9 /* FirebaseAppCheck */,
				E5BBAA9F2F6D9E5500D569A9 /* FirebaseAppDistribution-Beta */,
				E5BBAAA12F6D9E5500D569A9 /* FirebaseAuth */,
				E5BBAAA32F6D9E5500D569A9 /* FirebaseAuthCombine-Community */,
				E5BBAAA52F6D9E5500D569A9 /* FirebaseCore */,
				E5BBAAA72F6D9E5500D569A9 /* FirebaseCrashlytics */,
				E5BBAAA92F6D9E5500D569A9 /* FirebaseDatabase */,
				E5BBAAAB2F6D9E5500D569A9 /* FirebaseFirestore */,
				E5BBAAAD2F6D9E5500D569A9 /* FirebaseFirestoreCombine-Community */,
				E5BBAAAF2F6D9E5500D569A9 /* FirebaseFunctions */,
				E5BBAAB12F6D9E5500D569A9 /* FirebaseFunctionsCombine-Community */,
				E5BBAAB32F6D9E5500D569A9 /* FirebaseInAppMessaging-Beta */,
				E5BBAAB52F6D9E5500D569A9 /* FirebaseInstallations */,
				E5BBAAB72F6D9E5500D569A9 /* FirebaseMLModelDownloader */,
				E5BBAAB92F6D9E5500D569A9 /* FirebaseMessaging */,
				E5BBAABB2F6D9E5500D569A9 /* FirebasePerformance */,
				E5BBAABD2F6D9E5500D569A9 /* FirebaseRemoteConfig */,
				E5BBAABF2F6D9E5500D569A9 /* FirebaseStorage */,
				E5BBAAC12F6D9E5500D569A9 /* FirebaseStorageCombine-Community */,
			);
			productName = BaikaApp;
			productReference = E5E771702F64E71A000EE23D /* BaikaApp.app */;
			productType = "com.apple.product-type.application";
		};
/* End PBXNativeTarget section */

/* Begin PBXProject section */
		E5E771682F64E71A000EE23D /* Project object */ = {
			isa = PBXProject;
			attributes = {
				BuildIndependentTargetsInParallel = 1;
				LastSwiftUpdateCheck = 2630;
				LastUpgradeCheck = 2640;
				TargetAttributes = {
					E5E7716F2F64E71A000EE23D = {
						CreatedOnToolsVersion = 26.3;
					};
				};
			};
			buildConfigurationList = E5E7716B2F64E71A000EE23D /* Build configuration list for PBXProject "BaikaApp" */;
			developmentRegion = en;
			hasScannedForEncodings = 0;
			knownRegions = (
				en,
				Base,
			);
			mainGroup = E5E771672F64E71A000EE23D;
			minimizedProjectReferenceProxies = 1;
			packageReferences = (
				E5BBAA922F6D9E5500D569A9 /* XCRemoteSwiftPackageReference "firebase-ios-sdk" */,
			);
			preferredProjectObjectVersion = 77;
			productRefGroup = E5E771712F64E71A000EE23D /* Products */;
			projectDirPath = "";
			projectRoot = "";
			targets = (
				E5E7716F2F64E71A000EE23D /* BaikaApp */,
			);
		};
/* End PBXProject section */

/* Begin PBXResourcesBuildPhase section */
		E5E7716E2F64E71A000EE23D /* Resources */ = {
			isa = PBXResourcesBuildPhase;
			buildActionMask = 2147483647;
			files = (
			);
			runOnlyForDeploymentPostprocessing = 0;
		};
/* End PBXResourcesBuildPhase section */

/* Begin PBXSourcesBuildPhase section */
		E5E7716C2F64E71A000EE23D /* Sources */ = {
			isa = PBXSourcesBuildPhase;
			buildActionMask = 2147483647;
			files = (
			);
			runOnlyForDeploymentPostprocessing = 0;
		};
/* End PBXSourcesBuildPhase section */

/* Begin XCBuildConfiguration section */
		E5E771842F64E71B000EE23D /* Debug */ = {
			isa = XCBuildConfiguration;
			buildSettings = {
				ASSETCATALOG_COMPILER_APPICON_NAME = AppIcon;
				ASSETCATALOG_COMPILER_GLOBAL_ACCENT_COLOR_NAME = AccentColor;
				CODE_SIGN_STYLE = Automatic;
				CURRENT_PROJECT_VERSION = 1;
				DEVELOPMENT_TEAM = 2945U79G8Y;
				GENERATE_INFOPLIST_FILE = YES;
				INFOPLIST_FILE = BaikaApp/Info.plist;
				INFOPLIST_KEY_UIApplicationSupportsIndirectInputEvents = YES;
				INFOPLIST_KEY_UILaunchStoryboardName = LaunchScreen;
				INFOPLIST_KEY_UIMainStoryboardFile = Main;
				INFOPLIST_KEY_UISupportedInterfaceOrientations_iPad = "UIInterfaceOrientationPortrait UIInterfaceOrientationPortraitUpsideDown UIInterfaceOrientationLandscapeLeft UIInterfaceOrientationLandscapeRight";
				INFOPLIST_KEY_UISupportedInterfaceOrientations_iPhone = "UIInterfaceOrientationPortrait UIInterfaceOrientationLandscapeLeft UIInterfaceOrientationLandscapeRight";
				LD_RUNPATH_SEARCH_PATHS = (
					"$(inherited)",
					"@executable_path/Frameworks",
				);
				MARKETING_VERSION = 1.0;
				PRODUCT_BUNDLE_IDENTIFIER = i.emretoker.BaikaApp;
				PRODUCT_NAME = "$(TARGET_NAME)";
				STRING_CATALOG_GENERATE_SYMBOLS = YES;
				SWIFT_APPROACHABLE_CONCURRENCY = YES;
				SWIFT_DEFAULT_ACTOR_ISOLATION = MainActor;
				SWIFT_EMIT_LOC_STRINGS = YES;
				SWIFT_UPCOMING_FEATURE_MEMBER_IMPORT_VISIBILITY = YES;
				SWIFT_VERSION = 5.0;
				TARGETED_DEVICE_FAMILY = "1,2";
			};
			name = Debug;
		};
		E5E771852F64E71B000EE23D /* Release */ = {
			isa = XCBuildConfiguration;
			buildSettings = {
				ASSETCATALOG_COMPILER_APPICON_NAME = AppIcon;
				ASSETCATALOG_COMPILER_GLOBAL_ACCENT_COLOR_NAME = AccentColor;
				CODE_SIGN_STYLE = Automatic;
				CURRENT_PROJECT_VERSION = 1;
				DEVELOPMENT_TEAM = 2945U79G8Y;
				GENERATE_INFOPLIST_FILE = YES;
				INFOPLIST_FILE = BaikaApp/Info.plist;
				INFOPLIST_KEY_UIApplicationSupportsIndirectInputEvents = YES;
				INFOPLIST_KEY_UILaunchStoryboardName = LaunchScreen;
				INFOPLIST_KEY_UIMainStoryboardFile = Main;
				INFOPLIST_KEY_UISupportedInterfaceOrientations_iPad = "UIInterfaceOrientationPortrait UIInterfaceOrientationPortraitUpsideDown UIInterfaceOrientationLandscapeLeft UIInterfaceOrientationLandscapeRight";
				INFOPLIST_KEY_UISupportedInterfaceOrientations_iPhone = "UIInterfaceOrientationPortrait UIInterfaceOrientationLandscapeLeft UIInterfaceOrientationLandscapeRight";
				LD_RUNPATH_SEARCH_PATHS = (
					"$(inherited)",
					"@executable_path/Frameworks",
				);
				MARKETING_VERSION = 1.0;
				PRODUCT_BUNDLE_IDENTIFIER = i.emretoker.BaikaApp;
				PRODUCT_NAME = "$(TARGET_NAME)";
				STRING_CATALOG_GENERATE_SYMBOLS = YES;
				SWIFT_APPROACHABLE_CONCURRENCY = YES;
				SWIFT_DEFAULT_ACTOR_ISOLATION = MainActor;
				SWIFT_EMIT_LOC_STRINGS = YES;
				SWIFT_UPCOMING_FEATURE_MEMBER_IMPORT_VISIBILITY = YES;
				SWIFT_VERSION = 5.0;
				TARGETED_DEVICE_FAMILY = "1,2";
			};
			name = Release;
		};
		E5E771862F64E71B000EE23D /* Debug */ = {
			isa = XCBuildConfiguration;
			buildSettings = {
				ALWAYS_SEARCH_USER_PATHS = NO;
				ASSETCATALOG_COMPILER_GENERATE_SWIFT_ASSET_SYMBOL_EXTENSIONS = YES;
				CLANG_ANALYZER_NONNULL = YES;
				CLANG_ANALYZER_NUMBER_OBJECT_CONVERSION = YES_AGGRESSIVE;
				CLANG_CXX_LANGUAGE_STANDARD = "gnu++20";
				CLANG_ENABLE_MODULES = YES;
				CLANG_ENABLE_OBJC_ARC = YES;
				CLANG_ENABLE_OBJC_WEAK = YES;
				CLANG_WARN_BLOCK_CAPTURE_AUTORELEASING = YES;
				CLANG_WARN_BOOL_CONVERSION = YES;
				CLANG_WARN_COMMA = YES;
				CLANG_WARN_CONSTANT_CONVERSION = YES;
				CLANG_WARN_DEPRECATED_OBJC_IMPLEMENTATIONS = YES;
				CLANG_WARN_DIRECT_OBJC_ISA_USAGE = YES_ERROR;
				CLANG_WARN_DOCUMENTATION_COMMENTS = YES;
				CLANG_WARN_EMPTY_BODY = YES;
				CLANG_WARN_ENUM_CONVERSION = YES;
				CLANG_WARN_INFINITE_RECURSION = YES;
				CLANG_WARN_INT_CONVERSION = YES;
				CLANG_WARN_NON_LITERAL_NULL_CONVERSION = YES;
				CLANG_WARN_OBJC_IMPLICIT_RETAIN_SELF = YES;
				CLANG_WARN_OBJC_LITERAL_CONVERSION = YES;
				CLANG_WARN_OBJC_ROOT_CLASS = YES_ERROR;
				CLANG_WARN_QUOTED_INCLUDE_IN_FRAMEWORK_HEADER = YES;
				CLANG_WARN_RANGE_LOOP_ANALYSIS = YES;
				CLANG_WARN_STRICT_PROTOTYPES = YES;
				CLANG_WARN_SUSPICIOUS_MOVE = YES;
				CLANG_WARN_UNGUARDED_AVAILABILITY = YES_AGGRESSIVE;
				CLANG_WARN_UNREACHABLE_CODE = YES;
				CLANG_WARN__DUPLICATE_METHOD_MATCH = YES;
				COPY_PHASE_STRIP = NO;
				DEBUG_INFORMATION_FORMAT = dwarf;
				DEVELOPMENT_TEAM = 2945U79G8Y;
				ENABLE_STRICT_OBJC_MSGSEND = YES;
				ENABLE_TESTABILITY = YES;
				ENABLE_USER_SCRIPT_SANDBOXING = YES;
				GCC_C_LANGUAGE_STANDARD = gnu17;
				GCC_DYNAMIC_NO_PIC = NO;
				GCC_NO_COMMON_BLOCKS = YES;
				GCC_OPTIMIZATION_LEVEL = 0;
				GCC_PREPROCESSOR_DEFINITIONS = (
					"DEBUG=1",
					"$(inherited)",
				);
				GCC_WARN_64_TO_32_BIT_CONVERSION = YES;
				GCC_WARN_ABOUT_RETURN_TYPE = YES_ERROR;
				GCC_WARN_UNDECLARED_SELECTOR = YES;
				GCC_WARN_UNINITIALIZED_AUTOS = YES_AGGRESSIVE;
				GCC_WARN_UNUSED_FUNCTION = YES;
				GCC_WARN_UNUSED_VARIABLE = YES;
				IPHONEOS_DEPLOYMENT_TARGET = 26.2;
				LOCALIZATION_PREFERS_STRING_CATALOGS = YES;
				MTL_ENABLE_DEBUG_INFO = INCLUDE_SOURCE;
				MTL_FAST_MATH = YES;
				ONLY_ACTIVE_ARCH = YES;
				SDKROOT = iphoneos;
				STRING_CATALOG_GENERATE_SYMBOLS = YES;
				SWIFT_ACTIVE_COMPILATION_CONDITIONS = "DEBUG $(inherited)";
				SWIFT_OPTIMIZATION_LEVEL = "-Onone";
			};
			name = Debug;
		};
		E5E771872F64E71B000EE23D /* Release */ = {
			isa = XCBuildConfiguration;
			buildSettings = {
				ALWAYS_SEARCH_USER_PATHS = NO;
				ASSETCATALOG_COMPILER_GENERATE_SWIFT_ASSET_SYMBOL_EXTENSIONS = YES;
				CLANG_ANALYZER_NONNULL = YES;
				CLANG_ANALYZER_NUMBER_OBJECT_CONVERSION = YES_AGGRESSIVE;
				CLANG_CXX_LANGUAGE_STANDARD = "gnu++20";
				CLANG_ENABLE_MODULES = YES;
				CLANG_ENABLE_OBJC_ARC = YES;
				CLANG_ENABLE_OBJC_WEAK = YES;
				CLANG_WARN_BLOCK_CAPTURE_AUTORELEASING = YES;
				CLANG_WARN_BOOL_CONVERSION = YES;
				CLANG_WARN_COMMA = YES;
				CLANG_WARN_CONSTANT_CONVERSION = YES;
				CLANG_WARN_DEPRECATED_OBJC_IMPLEMENTATIONS = YES;
				CLANG_WARN_DIRECT_OBJC_ISA_USAGE = YES_ERROR;
				CLANG_WARN_DOCUMENTATION_COMMENTS = YES;
				CLANG_WARN_EMPTY_BODY = YES;
				CLANG_WARN_ENUM_CONVERSION = YES;
				CLANG_WARN_INFINITE_RECURSION = YES;
				CLANG_WARN_INT_CONVERSION = YES;
				CLANG_WARN_NON_LITERAL_NULL_CONVERSION = YES;
				CLANG_WARN_OBJC_IMPLICIT_RETAIN_SELF = YES;
				CLANG_WARN_OBJC_LITERAL_CONVERSION = YES;
				CLANG_WARN_OBJC_ROOT_CLASS = YES_ERROR;
				CLANG_WARN_QUOTED_INCLUDE_IN_FRAMEWORK_HEADER = YES;
				CLANG_WARN_RANGE_LOOP_ANALYSIS = YES;
				CLANG_WARN_STRICT_PROTOTYPES = YES;
				CLANG_WARN_SUSPICIOUS_MOVE = YES;
				CLANG_WARN_UNGUARDED_AVAILABILITY = YES_AGGRESSIVE;
				CLANG_WARN_UNREACHABLE_CODE = YES;
				CLANG_WARN__DUPLICATE_METHOD_MATCH = YES;
				COPY_PHASE_STRIP = NO;
				DEBUG_INFORMATION_FORMAT = "dwarf-with-dsym";
				DEVELOPMENT_TEAM = 2945U79G8Y;
				ENABLE_NS_ASSERTIONS = NO;
				ENABLE_STRICT_OBJC_MSGSEND = YES;
				ENABLE_USER_SCRIPT_SANDBOXING = YES;
				GCC_C_LANGUAGE_STANDARD = gnu17;
				GCC_NO_COMMON_BLOCKS = YES;
				GCC_WARN_64_TO_32_BIT_CONVERSION = YES;
				GCC_WARN_ABOUT_RETURN_TYPE = YES_ERROR;
				GCC_WARN_UNDECLARED_SELECTOR = YES;
				GCC_WARN_UNINITIALIZED_AUTOS = YES_AGGRESSIVE;
				GCC_WARN_UNUSED_FUNCTION = YES;
				GCC_WARN_UNUSED_VARIABLE = YES;
				IPHONEOS_DEPLOYMENT_TARGET = 26.2;
				LOCALIZATION_PREFERS_STRING_CATALOGS = YES;
				MTL_ENABLE_DEBUG_INFO = NO;
				MTL_FAST_MATH = YES;
				SDKROOT = iphoneos;
				STRING_CATALOG_GENERATE_SYMBOLS = YES;
				SWIFT_COMPILATION_MODE = wholemodule;
				VALIDATE_PRODUCT = YES;
			};
			name = Release;
		};
/* End XCBuildConfiguration section */

/* Begin XCConfigurationList section */
		E5E7716B2F64E71A000EE23D /* Build configuration list for PBXProject "BaikaApp" */ = {
			isa = XCConfigurationList;
			buildConfigurations = (
				E5E771862F64E71B000EE23D /* Debug */,
				E5E771872F64E71B000EE23D /* Release */,
			);
			defaultConfigurationIsVisible = 0;
			defaultConfigurationName = Release;
		};
		E5E771832F64E71B000EE23D /* Build configuration list for PBXNativeTarget "BaikaApp" */ = {
			isa = XCConfigurationList;
			buildConfigurations = (
				E5E771842F64E71B000EE23D /* Debug */,
				E5E771852F64E71B000EE23D /* Release */,
			);
			defaultConfigurationIsVisible = 0;
			defaultConfigurationName = Release;
		};
/* End XCConfigurationList section */

/* Begin XCRemoteSwiftPackageReference section */
		E5BBAA922F6D9E5500D569A9 /* XCRemoteSwiftPackageReference "firebase-ios-sdk" */ = {
			isa = XCRemoteSwiftPackageReference;
			repositoryURL = "https://github.com/firebase/firebase-ios-sdk";
			requirement = {
				kind = upToNextMajorVersion;
				minimumVersion = 12.11.0;
			};
		};
/* End XCRemoteSwiftPackageReference section */

/* Begin XCSwiftPackageProductDependency section */
		E5BBAA932F6D9E5500D569A9 /* FirebaseAI */ = {
			isa = XCSwiftPackageProductDependency;
			package = E5BBAA922F6D9E5500D569A9 /* XCRemoteSwiftPackageReference "firebase-ios-sdk" */;
			productName = FirebaseAI;
		};
		E5BBAA952F6D9E5500D569A9 /* FirebaseAILogic */ = {
			isa = XCSwiftPackageProductDependency;
			package = E5BBAA922F6D9E5500D569A9 /* XCRemoteSwiftPackageReference "firebase-ios-sdk" */;
			productName = FirebaseAILogic;
		};
		E5BBAA972F6D9E5500D569A9 /* FirebaseAnalytics */ = {
			isa = XCSwiftPackageProductDependency;
			package = E5BBAA922F6D9E5500D569A9 /* XCRemoteSwiftPackageReference "firebase-ios-sdk" */;
			productName = FirebaseAnalytics;
		};
		E5BBAA992F6D9E5500D569A9 /* FirebaseAnalyticsCore */ = {
			isa = XCSwiftPackageProductDependency;
			package = E5BBAA922F6D9E5500D569A9 /* XCRemoteSwiftPackageReference "firebase-ios-sdk" */;
			productName = FirebaseAnalyticsCore;
		};
		E5BBAA9B2F6D9E5500D569A9 /* FirebaseAnalyticsIdentitySupport */ = {
			isa = XCSwiftPackageProductDependency;
			package = E5BBAA922F6D9E5500D569A9 /* XCRemoteSwiftPackageReference "firebase-ios-sdk" */;
			productName = FirebaseAnalyticsIdentitySupport;
		};
		E5BBAA9D2F6D9E5500D569A9 /* FirebaseAppCheck */ = {
			isa = XCSwiftPackageProductDependency;
			package = E5BBAA922F6D9E5500D569A9 /* XCRemoteSwiftPackageReference "firebase-ios-sdk" */;
			productName = FirebaseAppCheck;
		};
		E5BBAA9F2F6D9E5500D569A9 /* FirebaseAppDistribution-Beta */ = {
			isa = XCSwiftPackageProductDependency;
			package = E5BBAA922F6D9E5500D569A9 /* XCRemoteSwiftPackageReference "firebase-ios-sdk" */;
			productName = "FirebaseAppDistribution-Beta";
		};
		E5BBAAA12F6D9E5500D569A9 /* FirebaseAuth */ = {
			isa = XCSwiftPackageProductDependency;
			package = E5BBAA922F6D9E5500D569A9 /* XCRemoteSwiftPackageReference "firebase-ios-sdk" */;
			productName = FirebaseAuth;
		};
		E5BBAAA32F6D9E5500D569A9 /* FirebaseAuthCombine-Community */ = {
			isa = XCSwiftPackageProductDependency;
			package = E5BBAA922F6D9E5500D569A9 /* XCRemoteSwiftPackageReference "firebase-ios-sdk" */;
			productName = "FirebaseAuthCombine-Community";
		};
		E5BBAAA52F6D9E5500D569A9 /* FirebaseCore */ = {
			isa = XCSwiftPackageProductDependency;
			package = E5BBAA922F6D9E5500D569A9 /* XCRemoteSwiftPackageReference "firebase-ios-sdk" */;
			productName = FirebaseCore;
		};
		E5BBAAA72F6D9E5500D569A9 /* FirebaseCrashlytics */ = {
			isa = XCSwiftPackageProductDependency;
			package = E5BBAA922F6D9E5500D569A9 /* XCRemoteSwiftPackageReference "firebase-ios-sdk" */;
			productName = FirebaseCrashlytics;
		};
		E5BBAAA92F6D9E5500D569A9 /* FirebaseDatabase */ = {
			isa = XCSwiftPackageProductDependency;
			package = E5BBAA922F6D9E5500D569A9 /* XCRemoteSwiftPackageReference "firebase-ios-sdk" */;
			productName = FirebaseDatabase;
		};
		E5BBAAAB2F6D9E5500D569A9 /* FirebaseFirestore */ = {
			isa = XCSwiftPackageProductDependency;
			package = E5BBAA922F6D9E5500D569A9 /* XCRemoteSwiftPackageReference "firebase-ios-sdk" */;
			productName = FirebaseFirestore;
		};
		E5BBAAAD2F6D9E5500D569A9 /* FirebaseFirestoreCombine-Community */ = {
			isa = XCSwiftPackageProductDependency;
			package = E5BBAA922F6D9E5500D569A9 /* XCRemoteSwiftPackageReference "firebase-ios-sdk" */;
			productName = "FirebaseFirestoreCombine-Community";
		};
		E5BBAAAF2F6D9E5500D569A9 /* FirebaseFunctions */ = {
			isa = XCSwiftPackageProductDependency;
			package = E5BBAA922F6D9E5500D569A9 /* XCRemoteSwiftPackageReference "firebase-ios-sdk" */;
			productName = FirebaseFunctions;
		};
		E5BBAAB12F6D9E5500D569A9 /* FirebaseFunctionsCombine-Community */ = {
			isa = XCSwiftPackageProductDependency;
			package = E5BBAA922F6D9E5500D569A9 /* XCRemoteSwiftPackageReference "firebase-ios-sdk" */;
			productName = "FirebaseFunctionsCombine-Community";
		};
		E5BBAAB32F6D9E5500D569A9 /* FirebaseInAppMessaging-Beta */ = {
			isa = XCSwiftPackageProductDependency;
			package = E5BBAA922F6D9E5500D569A9 /* XCRemoteSwiftPackageReference "firebase-ios-sdk" */;
			productName = "FirebaseInAppMessaging-Beta";
		};
		E5BBAAB52F6D9E5500D569A9 /* FirebaseInstallations */ = {
			isa = XCSwiftPackageProductDependency;
			package = E5BBAA922F6D9E5500D569A9 /* XCRemoteSwiftPackageReference "firebase-ios-sdk" */;
			productName = FirebaseInstallations;
		};
		E5BBAAB72F6D9E5500D569A9 /* FirebaseMLModelDownloader */ = {
			isa = XCSwiftPackageProductDependency;
			package = E5BBAA922F6D9E5500D569A9 /* XCRemoteSwiftPackageReference "firebase-ios-sdk" */;
			productName = FirebaseMLModelDownloader;
		};
		E5BBAAB92F6D9E5500D569A9 /* FirebaseMessaging */ = {
			isa = XCSwiftPackageProductDependency;
			package = E5BBAA922F6D9E5500D569A9 /* XCRemoteSwiftPackageReference "firebase-ios-sdk" */;
			productName = FirebaseMessaging;
		};
		E5BBAABB2F6D9E5500D569A9 /* FirebasePerformance */ = {
			isa = XCSwiftPackageProductDependency;
			package = E5BBAA922F6D9E5500D569A9 /* XCRemoteSwiftPackageReference "firebase-ios-sdk" */;
			productName = FirebasePerformance;
		};
		E5BBAABD2F6D9E5500D569A9 /* FirebaseRemoteConfig */ = {
			isa = XCSwiftPackageProductDependency;
			package = E5BBAA922F6D9E5500D569A9 /* XCRemoteSwiftPackageReference "firebase-ios-sdk" */;
			productName = FirebaseRemoteConfig;
		};
		E5BBAABF2F6D9E5500D569A9 /* FirebaseStorage */ = {
			isa = XCSwiftPackageProductDependency;
			package = E5BBAA922F6D9E5500D569A9 /* XCRemoteSwiftPackageReference "firebase-ios-sdk" */;
			productName = FirebaseStorage;
		};
		E5BBAAC12F6D9E5500D569A9 /* FirebaseStorageCombine-Community */ = {
			isa = XCSwiftPackageProductDependency;
			package = E5BBAA922F6D9E5500D569A9 /* XCRemoteSwiftPackageReference "firebase-ios-sdk" */;
			productName = "FirebaseStorageCombine-Community";
		};
/* End XCSwiftPackageProductDependency section */
	};
	rootObject = E5E771682F64E71A000EE23D /* Project object */;
}
